// !$*UTF8*$!
{
	archiveVersion = 1;
	classes = {
	};
	objectVersion = 50;
	objects = {

/* Begin PBXBuildFile section */
		DC9162442366F5A0003E7AB2 /* AppDelegate.swift in Sources */ = {isa = PBXBuildFile; fileRef = DC9162432366F5A0003E7AB2 /* AppDelegate.swift */; };
		DC9162462366F5A0003E7AB2 /* SceneDelegate.swift in Sources */ = {isa = PBXBuildFile; fileRef = DC9162452366F5A0003E7AB2 /* SceneDelegate.swift */; };
		DC9162482366F5A0003E7AB2 /* ContentView.swift in Sources */ = {isa = PBXBuildFile; fileRef = DC9162472366F5A0003E7AB2 /* ContentView.swift */; };
		DC91624A2366F5A1003E7AB2 /* Assets.xcassets in Resources */ = {isa = PBXBuildFile; fileRef = DC9162492366F5A1003E7AB2 /* Assets.xcassets */; };
		DC91624D2366F5A1003E7AB2 /* Preview Assets.xcassets in Resources */ = {isa = PBXBuildFile; fileRef = DC91624C2366F5A1003E7AB2 /* Preview Assets.xcassets */; };
		DC9162502366F5A1003E7AB2 /* LaunchScreen.storyboard in Resources */ = {isa = PBXBuildFile; fileRef = DC91624E2366F5A1003E7AB2 /* LaunchScreen.storyboard */; };
/* End PBXBuildFile section */

/* Begin PBXFileReference section */
		DC9162402366F5A0003E7AB2 /* BreathingAnimationView.app */ = {isa = PBXFileReference; explicitFileType = wrapper.application; includeInIndex = 0; path = BreathingAnimationView.app; sourceTree = BUILT_PRODUCTS_DIR; };
		DC9162432366F5A0003E7AB2 /* AppDelegate.swift */ = {isa = PBXFileReference; lastKnownFileType = sourcecode.swift; path = AppDelegate.swift; sourceTree = "<group>"; };
		DC9162452366F5A0003E7AB2 /* SceneDelegate.swift */ = {isa = PBXFileReference; lastKnownFileType = sourcecode.swift; path = SceneDelegate.swift; sourceTree = "<group>"; };
		DC9162472366F5A0003E7AB2 /* ContentView.swift */ = {isa = PBXFileReference; lastKnownFileType = sourcecode.swift; path = ContentView.swift; sourceTree = "<group>"; };
		DC9162492366F5A1003E7AB2 /* Assets.xcassets */ = {isa = PBXFileReference; lastKnownFileType = folder.assetcatalog; path = Assets.xcassets; sourceTree = "<group>"; };
		DC91624C2366F5A1003E7AB2 /* Preview Assets.xcassets */ = {isa = PBXFileReference; lastKnownFileType = folder.assetcatalog; path = "Preview Assets.xcassets"; sourceTree = "<group>"; };
		DC91624F2366F5A1003E7AB2 /* Base */ = {isa = PBXFileReference; lastKnownFileType = file.storyboard; name = Base; path = Base.lproj/LaunchScreen.storyboard; sourceTree = "<group>"; };
		DC9162512366F5A1003E7AB2 /* Info.plist */ = {isa = PBXFileReference; lastKnownFileType = text.plist.xml; path = Info.plist; sourceTree = "<group>"; };
/* End PBXFileReference section */

/* Begin PBXFrameworksBuildPhase section */
		DC91623D2366F5A0003E7AB2 /* Frameworks */ = {
			isa = PBXFrameworksBuildPhase;
			buildActionMask = 2147483647;
			files = (
			);
			runOnlyForDeploymentPostprocessing = 0;
		};
/* End PBXFrameworksBuildPhase section */

/* Begin PBXGroup section */
		DC9162372366F5A0003E7AB2 = {
			isa = PBXGroup;
			children = (
				DC9162422366F5A0003E7AB2 /* BreathingAnimationView */,
				DC9162412366F5A0003E7AB2 /* Products */,
			);
			sourceTree = "<group>";
		};
		DC9162412366F5A0003E7AB2 /* Products */ = {
			isa = PBXGroup;
			children = (
				DC9162402366F5A0003E7AB2 /* BreathingAnimationView.app */,
			);
			name = Products;
			sourceTree = "<group>";
		};
		DC9162422366F5A0003E7AB2 /* BreathingAnimationView */ = {
			isa = PBXGroup;
			children = (
				DC9162432366F5A0003E7AB2 /* AppDelegate.swift */,
				DC9162452366F5A0003E7AB2 /* SceneDelegate.swift */,
				DC9162472366F5A0003E7AB2 /* ContentView.swift */,
				DC9162492366F5A1003E7AB2 /* Assets.xcassets */,
				DC91624E2366F5A1003E7AB2 /* LaunchScreen.storyboard */,
				DC9162512366F5A1003E7AB2 /* Info.plist */,
				DC91624B2366F5A1003E7AB2 /* Preview Content */,
			);
			path = BreathingAnimationView;
			sourceTree = "<group>";
		};
		DC91624B2366F5A1003E7AB2 /* Preview Content */ = {
			isa = PBXGroup;
			children = (
				DC91624C2366F5A1003E7AB2 /* Preview Assets.xcassets */,
			);
			path = "Preview Content";
			sourceTree = "<group>";
		};
/* End PBXGroup section */

/* Begin PBXNativeTarget section */
		DC91623F2366F5A0003E7AB2 /* BreathingAnimationView */ = {
			isa = PBXNativeTarget;
			buildConfigurationList = DC9162542366F5A1003E7AB2 /* Build configuration list for PBXNativeTarget "BreathingAnimationView" */;
			buildPhases = (
				DC91623C2366F5A0003E7AB2 /* Sources */,
				DC91623D2366F5A0003E7AB2 /* Frameworks */,
				DC91623E2366F5A0003E7AB2 /* Resources */,
			);
			buildRules = (
			);
			dependencies = (
			);
			name = BreathingAnimationView;
			productName = BreathingAnimationView;
			productReference = DC9162402366F5A0003E7AB2 /* BreathingAnimationView.app */;
			productType = "com.apple.product-type.application";
		};
/* End PBXNativeTarget section */

/* Begin PBXProject section */
		DC9162382366F5A0003E7AB2 /* Project object */ = {
			isa = PBXProject;
			attributes = {
				LastSwiftUpdateCheck = 1110;
				LastUpgradeCheck = 1110;
				ORGANIZATIONNAME = "Farukh Iskalinov";
				TargetAttributes = {
					DC91623F2366F5A0003E7AB2 = {
						CreatedOnToolsVersion = 11.1;
					};
				};
			};
			buildConfigurationList = DC91623B2366F5A0003E7AB2 /* Build configuration list for PBXProject "BreathingAnimationView" */;
			compatibilityVersion = "Xcode 9.3";
			developmentRegion = en;
			hasScannedForEncodings = 0;
			knownRegions = (
				en,
				Base,
			);
			mainGroup = DC9162372366F5A0003E7AB2;
			productRefGroup = DC9162412366F5A0003E7AB2 /* Products */;
			projectDirPath = "";
			projectRoot = "";
			targets = (
				DC91623F2366F5A0003E7AB2 /* BreathingAnimationView */,
			);
		};
/* End PBXProject section */

/* Begin PBXResourcesBuildPhase section */
		DC91623E2366F5A0003E7AB2 /* Resources */ = {
			isa = PBXResourcesBuildPhase;
			buildActionMask = 2147483647;
			files = (
				DC9162502366F5A1003E7AB2 /* LaunchScreen.storyboard in Resources */,
				DC91624D2366F5A1003E7AB2 /* Preview Assets.xcassets in Resources */,
				DC91624A2366F5A1003E7AB2 /* Assets.xcassets in Resources */,
			);
			runOnlyForDeploymentPostprocessing = 0;
		};
/* End PBXResourcesBuildPhase section */

/* Begin PBXSourcesBuildPhase section */
		DC91623C2366F5A0003E7AB2 /* Sources */ = {
			isa = PBXSourcesBuildPhase;
			buildActionMask = 2147483647;
			files = (
				DC9162442366F5A0003E7AB2 /* AppDelegate.swift in Sources */,
				DC9162462366F5A0003E7AB2 /* SceneDelegate.swift in Sources */,
				DC9162482366F5A0003E7AB2 /* ContentView.swift in Sources */,
			);
			runOnlyForDeploymentPostprocessing = 0;
		};
/* End PBXSourcesBuildPhase section */

/* Begin PBXVariantGroup section */
		DC91624E2366F5A1003E7AB2 /* LaunchScreen.storyboard */ = {
			isa = PBXVariantGroup;
			children = (
				DC91624F2366F5A1003E7AB2 /* Base */,
			);
			name = LaunchScreen.storyboard;
			sourceTree = "<group>";
		};
/* End PBXVariantGroup section */

/* Begin XCBuildConfiguration section */
		DC9162522366F5A1003E7AB2 /* Debug */ = {
			isa = XCBuildConfiguration;
			buildSettings = {
				ALWAYS_SEARCH_USER_PATHS = NO;
				CLANG_ANALYZER_NONNULL = YES;
				CLANG_ANALYZER_NUMBER_OBJECT_CONVERSION = YES_AGGRESSIVE;
				CLANG_CXX_LANGUAGE_STANDARD = "gnu++14";
				CLANG_CXX_LIBRARY = "libc++";
				CLANG_ENABLE_MODULES = YES;
				CLANG_ENABLE_OBJC_ARC = YES;
				CLANG_ENABLE_OBJC_WEAK = YES;
				CLANG_WARN_BLOCK_CAPTURE_AUTORELEASING = YES;
				CLANG_WARN_BOOL_CONVERSION = YES;
				CLANG_WARN_COMMA = YES;
				CLANG_WARN_CONSTANT_CONVERSION = YES;
				CLANG_WARN_DEPRECATED_OBJC_IMPLEMENTATIONS = YES;
				CLANG_WARN_DIRECT_OBJC_ISA_USAGE = YES_ERROR;
				CLANG_WARN_DOCUMENTATION_COMMENTS = YES;
				CLANG_WARN_EMPTY_BODY = YES;
				CLANG_WARN_ENUM_CONVERSION = YES;
				CLANG_WARN_INFINITE_RECURSION = YES;
				CLANG_WARN_INT_CONVERSION = YES;
				CLANG_WARN_NON_LITERAL_NULL_CONVERSION = YES;
				CLANG_WARN_OBJC_IMPLICIT_RETAIN_SELF = YES;
				CLANG_WARN_OBJC_LITERAL_CONVERSION = YES;
				CLANG_WARN_OBJC_ROOT_CLASS = YES_ERROR;
				CLANG_WARN_RANGE_LOOP_ANALYSIS = YES;
				CLANG_WARN_STRICT_PROTOTYPES = YES;
				CLANG_WARN_SUSPICIOUS_MOVE = YES;
				CLANG_WARN_UNGUARDED_AVAILABILITY = YES_AGGRESSIVE;
				CLANG_WARN_UNREACHABLE_CODE = YES;
				CLANG_WARN__DUPLICATE_METHOD_MATCH = YES;
				COPY_PHASE_STRIP = NO;
				DEBUG_INFORMATION_FORMAT = dwarf;
				ENABLE_STRICT_OBJC_MSGSEND = YES;
				ENABLE_TESTABILITY = YES;
				GCC_C_LANGUAGE_STANDARD = gnu11;
				GCC_DYNAMIC_NO_PIC = NO;
				GCC_NO_COMMON_BLOCKS = YES;
				GCC_OPTIMIZATION_LEVEL = 0;
				GCC_PREPROCESSOR_DEFINITIONS = (
					"DEBUG=1",
					"$(inherited)",
				);
				GCC_WARN_64_TO_32_BIT_CONVERSION = YES;
				GCC_WARN_ABOUT_RETURN_TYPE = YES_ERROR;
				GCC_WARN_UNDECLARED_SELECTOR = YES;
				GCC_WARN_UNINITIALIZED_AUTOS = YES_AGGRESSIVE;
				GCC_WARN_UNUSED_FUNCTION = YES;
				GCC_WARN_UNUSED_VARIABLE = YES;
				IPHONEOS_DEPLOYMENT_TARGET = 13.1;
				MTL_ENABLE_DEBUG_INFO = INCLUDE_SOURCE;
				MTL_FAST_MATH = YES;
				ONLY_ACTIVE_ARCH = YES;
				SDKROOT = iphoneos;
				SWIFT_ACTIVE_COMPILATION_CONDITIONS = DEBUG;
				SWIFT_OPTIMIZATION_LEVEL = "-Onone";
			};
			name = Debug;
		};
		DC9162532366F5A1003E7AB2 /* Release */ = {
			isa = XCBuildConfiguration;
			buildSettings = {
				ALWAYS_SEARCH_USER_PATHS = NO;
				CLANG_ANALYZER_NONNULL = YES;
				CLANG_ANALYZER_NUMBER_OBJECT_CONVERSION = YES_AGGRESSIVE;
				CLANG_CXX_LANGUAGE_STANDARD = "gnu++14";
				CLANG_CXX_LIBRARY = "libc++";
				CLANG_ENABLE_MODULES = YES;
				CLANG_ENABLE_OBJC_ARC = YES;
				CLANG_ENABLE_OBJC_WEAK = YES;
				CLANG_WARN_BLOCK_CAPTURE_AUTORELEASING = YES;
				CLANG_WARN_BOOL_CONVERSION = YES;
				CLANG_WARN_COMMA = YES;
				CLANG_WARN_CONSTANT_CONVERSION = YES;
				CLANG_WARN_DEPRECATED_OBJC_IMPLEMENTATIONS = YES;
				CLANG_WARN_DIRECT_OBJC_ISA_USAGE = YES_ERROR;
				CLANG_WARN_DOCUMENTATION_COMMENTS = YES;
				CLANG_WARN_EMPTY_BODY = YES;
				CLANG_WARN_ENUM_CONVERSION = YES;
				CLANG_WARN_INFINITE_RECURSION = YES;
				CLANG_WARN_INT_CONVERSION = YES;
				CLANG_WARN_NON_LITERAL_NULL_CONVERSION = YES;
				CLANG_WARN_OBJC_IMPLICIT_RETAIN_SELF = YES;
				CLANG_WARN_OBJC_LITERAL_CONVERSION = YES;
				CLANG_WARN_OBJC_ROOT_CLASS = YES_ERROR;
				CLANG_WARN_RANGE_LOOP_ANALYSIS = YES;
				CLANG_WARN_STRICT_PROTOTYPES = YES;
				CLANG_WARN_SUSPICIOUS_MOVE = YES;
				CLANG_WARN_UNGUARDED_AVAILABILITY = YES_AGGRESSIVE;
				CLANG_WARN_UNREACHABLE_CODE = YES;
				CLANG_WARN__DUPLICATE_METHOD_MATCH = YES;
				COPY_PHASE_STRIP = NO;
				DEBUG_INFORMATION_FORMAT = "dwarf-with-dsym";
				ENABLE_NS_ASSERTIONS = NO;
				ENABLE_STRICT_OBJC_MSGSEND = YES;
				GCC_C_LANGUAGE_STANDARD = gnu11;
				GCC_NO_COMMON_BLOCKS = YES;
				GCC_WARN_64_TO_32_BIT_CONVERSION = YES;
				GCC_WARN_ABOUT_RETURN_TYPE = YES_ERROR;
				GCC_WARN_UNDECLARED_SELECTOR = YES;
				GCC_WARN_UNINITIALIZED_AUTOS = YES_AGGRESSIVE;
				GCC_WARN_UNUSED_FUNCTION = YES;
				GCC_WARN_UNUSED_VARIABLE = YES;
				IPHONEOS_DEPLOYMENT_TARGET = 13.1;
				MTL_ENABLE_DEBUG_INFO = NO;
				MTL_FAST_MATH = YES;
				SDKROOT = iphoneos;
				SWIFT_COMPILATION_MODE = wholemodule;
				SWIFT_OPTIMIZATION_LEVEL = "-O";
				VALIDATE_PRODUCT = YES;
			};
			name = Release;
		};
		DC9162552366F5A1003E7AB2 /* Debug */ = {
			isa = XCBuildConfiguration;
			buildSettings = {
				ASSETCATALOG_COMPILER_APPICON_NAME = AppIcon;
				CODE_SIGN_STYLE = Automatic;
				DEVELOPMENT_ASSET_PATHS = "\"BreathingAnimationView/Preview Content\"";
				ENABLE_PREVIEWS = YES;
				INFOPLIST_FILE = BreathingAnimationView/Info.plist;
				LD_RUNPATH_SEARCH_PATHS = (
					"$(inherited)",
					"@executable_path/Frameworks",
				);
				PRODUCT_BUNDLE_IDENTIFIER = "Suleyman-Demirel-University.BreathingAnimationView";
				PRODUCT_NAME = "$(TARGET_NAME)";
				SWIFT_VERSION = 5.0;
				TARGETED_DEVICE_FAMILY = "1,2";
			};
			name = Debug;
		};
		DC9162562366F5A1003E7AB2 /* Release */ = {
			isa = XCBuildConfiguration;
			buildSettings = {
				ASSETCATALOG_COMPILER_APPICON_NAME = AppIcon;
				CODE_SIGN_STYLE = Automatic;
				DEVELOPMENT_ASSET_PATHS = "\"BreathingAnimationView/Preview Content\"";
				ENABLE_PREVIEWS = YES;
				INFOPLIST_FILE = BreathingAnimationView/Info.plist;
				LD_RUNPATH_SEARCH_PATHS = (
					"$(inherited)",
					"@executable_path/Frameworks",
				);
				PRODUCT_BUNDLE_IDENTIFIER = "Suleyman-Demirel-University.BreathingAnimationView";
				PRODUCT_NAME = "$(TARGET_NAME)";
				SWIFT_VERSION = 5.0;
				TARGETED_DEVICE_FAMILY = "1,2";
			};
			name = Release;
		};
/* End XCBuildConfiguration section */

/* Begin XCConfigurationList section */
		DC91623B2366F5A0003E7AB2 /* Build configuration list for PBXProject "BreathingAnimationView" */ = {
			isa = XCConfigurationList;
			buildConfigurations = (
				DC9162522366F5A1003E7AB2 /* Debug */,
				DC9162532366F5A1003E7AB2 /* Release */,
			);
			defaultConfigurationIsVisible = 0;
			defaultConfigurationName = Release;
		};
		DC9162542366F5A1003E7AB2 /* Build configuration list for PBXNativeTarget "BreathingAnimationView" */ = {
			isa = XCConfigurationList;
			buildConfigurations = (
				DC9162552366F5A1003E7AB2 /* Debug */,
				DC9162562366F5A1003E7AB2 /* Release */,
			);
			defaultConfigurationIsVisible = 0;
			defaultConfigurationName = Release;
		};
/* End XCConfigurationList section */
	};
	rootObject = DC9162382366F5A0003E7AB2 /* Project object */;
}
